{
  "requires": true,
  "lockfileVersion": 1,
  "dependencies": {
    "react-native-dropdown-picker": {
      "version": "5.1.27",
      "resolved": "https://registry.npmjs.org/react-native-dropdown-picker/-/react-native-dropdown-picker-5.1.27.tgz",
      "integrity": "sha512-lQxn7kiVC+0BSHN4AMOwngR8jUgGMqhbw5vjeuTmlyYbbirfTrXXYqWNlpEs8+XUlAHmPgIkMVZrnQ3e4FIh4w=="
    }
  }
}
